
Microsoft Visual Studio Solution File, Format Version 12.00
# Visual Studio Version 17
VisualStudioVersion = 17.11.35222.181
MinimumVisualStudioVersion = 10.0.40219.1
Project("{FAE04EC0-301F-11D3-BF4B-00C04F79EFBC}") = "StarMcLauncher", "StarMcLauncher\StarMcLauncher.csproj", "{C649AA90-51FC-47D0-8BA7-6EB1C9AF7E62}"
EndProject
Global
	GlobalSection(SolutionConfigurationPlatforms) = preSolution
		Debug|Any CPU = Debug|Any CPU
		Release|Any CPU = Release|Any CPU
	EndGlobalSection
	GlobalSection(ProjectConfigurationPlatforms) = postSolution
		{C649AA90-51FC-47D0-8BA7-6EB1C9AF7E62}.Debug|Any CPU.ActiveCfg = Debug|Any CPU
		{C649AA90-51FC-47D0-8BA7-6EB1C9AF7E62}.Debug|Any CPU.Build.0 = Debug|Any CPU
		{C649AA90-51FC-47D0-8BA7-6EB1C9AF7E62}.Release|Any CPU.ActiveCfg = Release|Any CPU
		{C649AA90-51FC-47D0-8BA7-6EB1C9AF7E62}.Release|Any CPU.Build.0 = Release|Any CPU
	EndGlobalSection
	GlobalSection(SolutionProperties) = preSolution
		HideSolutionNode = FALSE
	EndGlobalSection
	GlobalSection(ExtensibilityGlobals) = postSolution
		SolutionGuid = {2EF8ECF8-C99B-473A-AFE2-5A7A5147AD6A}
	EndGlobalSection
EndGlobal
